
Microsoft Visual Studio Solution File, Format Version 12.00
# Visual Studio 14
VisualStudioVersion = 14.0.23107.0
MinimumVisualStudioVersion = 10.0.40219.1
Project("{FAE04EC0-301F-11D3-BF4B-00C04F79EFBC}") = "gsg_u", "WindowsFormsApplication1\gsg_u.csproj", "{B2B374FB-A8EC-4FA6-A848-A185724C4D45}"
EndProject
Project("{54435603-DBB4-11D2-8724-00A0C9A8B90C}") = "gsg_u_install", "gsg_u_install\gsg_u_install.vdproj", "{4DDC04E0-3C15-42A6-8211-C0DD1495684F}"
EndProject
Global
	GlobalSection(SolutionConfigurationPlatforms) = preSolution
		Debug|Any CPU = Debug|Any CPU
		Release|Any CPU = Release|Any CPU
	EndGlobalSection
	GlobalSection(ProjectConfigurationPlatforms) = postSolution
		{B2B374FB-A8EC-4FA6-A848-A185724C4D45}.Debug|Any CPU.ActiveCfg = Debug|Any CPU
		{B2B374FB-A8EC-4FA6-A848-A185724C4D45}.Debug|Any CPU.Build.0 = Debug|Any CPU
		{B2B374FB-A8EC-4FA6-A848-A185724C4D45}.Release|Any CPU.ActiveCfg = Release|Any CPU
		{B2B374FB-A8EC-4FA6-A848-A185724C4D45}.Release|Any CPU.Build.0 = Release|Any CPU
		{4DDC04E0-3C15-42A6-8211-C0DD1495684F}.Debug|Any CPU.ActiveCfg = Debug
		{4DDC04E0-3C15-42A6-8211-C0DD1495684F}.Release|Any CPU.ActiveCfg = Release
	EndGlobalSection
	GlobalSection(SolutionProperties) = preSolution
		HideSolutionNode = FALSE
	EndGlobalSection
EndGlobal
